
Microsoft Visual Studio Solution File, Format Version 12.00
# Visual Studio Version 17
VisualStudioVersion = 17.3.32929.385
MinimumVisualStudioVersion = 10.0.40219.1
Project("{FAE04EC0-301F-11D3-BF4B-00C04F79EFBC}") = "StregSystem", "StregSystem\StregSystem.csproj", "{B343159E-8632-4080-ADA8-3422BAD75898}"
EndProject
Global
	GlobalSection(SolutionConfigurationPlatforms) = preSolution
		Debug|Any CPU = Debug|Any CPU
		Release|Any CPU = Release|Any CPU
	EndGlobalSection
	GlobalSection(ProjectConfigurationPlatforms) = postSolution
		{B343159E-8632-4080-ADA8-3422BAD75898}.Debug|Any CPU.ActiveCfg = Debug|Any CPU
		{B343159E-8632-4080-ADA8-3422BAD75898}.Debug|Any CPU.Build.0 = Debug|Any CPU
		{B343159E-8632-4080-ADA8-3422BAD75898}.Release|Any CPU.ActiveCfg = Release|Any CPU
		{B343159E-8632-4080-ADA8-3422BAD75898}.Release|Any CPU.Build.0 = Release|Any CPU
	EndGlobalSection
	GlobalSection(SolutionProperties) = preSolution
		HideSolutionNode = FALSE
	EndGlobalSection
	GlobalSection(ExtensibilityGlobals) = postSolution
		SolutionGuid = {D80C33DD-198E-4A04-B65F-33F5F9E30E51}
	EndGlobalSection
EndGlobal
